
Microsoft Visual Studio Solution File, Format Version 12.00
Project("{FAE04EC0-301F-11D3-BF4B-00C04F79EFBC}") = "Threads", "Threads\Threads.csproj", "{63A24DAF-780B-4CBB-A641-4C11C994592C}"
EndProject
Global
	GlobalSection(SolutionConfigurationPlatforms) = preSolution
		Debug|Any CPU = Debug|Any CPU
		Release|Any CPU = Release|Any CPU
	EndGlobalSection
	GlobalSection(ProjectConfigurationPlatforms) = postSolution
		{63A24DAF-780B-4CBB-A641-4C11C994592C}.Debug|Any CPU.ActiveCfg = Debug|Any CPU
		{63A24DAF-780B-4CBB-A641-4C11C994592C}.Debug|Any CPU.Build.0 = Debug|Any CPU
		{63A24DAF-780B-4CBB-A641-4C11C994592C}.Release|Any CPU.ActiveCfg = Release|Any CPU
		{63A24DAF-780B-4CBB-A641-4C11C994592C}.Release|Any CPU.Build.0 = Release|Any CPU
	EndGlobalSection
EndGlobal
